# THIS IS AN AUTOGENERATED FILE. DO NOT EDIT THIS FILE DIRECTLY.
# yarn lockfile v1


an-array-of-english-words@^1.2.0:
  version "1.2.0"
  resolved "https://registry.yarnpkg.com/an-array-of-english-words/-/an-array-of-english-words-1.2.0.tgz#c7e0c0e1eae416c87f6f741655ec2d37654fb5c9"

hasharray@^1.0.0:
  version "1.0.0"
  resolved "https://registry.yarnpkg.com/hasharray/-/hasharray-1.0.0.tgz#029079cb36018e2688776950f4e87065ec80bfdb"
  dependencies:
    jclass "^1.0.1"

jclass@^1.0.1:
  version "1.2.1"
  resolved "https://registry.yarnpkg.com/jclass/-/jclass-1.2.1.tgz#eaafeec0dd6a5bf8b3ea43c04e010c637638768b"

trie-search@^1.0.0:
  version "1.0.0"
  resolved "https://registry.yarnpkg.com/trie-search/-/trie-search-1.0.0.tgz#f49966eeee313c9614eacc6fa7d967572e748349"
  dependencies:
    hasharray "^1.0.0"
